
Microsoft Visual Studio Solution File, Format Version 12.00
# Visual Studio 15
VisualStudioVersion = 15.0.26124.0
MinimumVisualStudioVersion = 15.0.26124.0
Project("{FAE04EC0-301F-11D3-BF4B-00C04F79EFBC}") = "kaiheila-cqhttp", "src\kaiheila-cqhttp.csproj", "{8D14A36F-4568-4353-8D84-B10B42980B69}"
EndProject
Project("{FAE04EC0-301F-11D3-BF4B-00C04F79EFBC}") = "kaiheila-cqhttp-test", "test\kaiheila-cqhttp-test.csproj", "{F638334B-56AF-4543-9853-CB67777418CD}"
EndProject
Project("{2150E333-8FDC-42A3-9474-1A3956D46DE8}") = "sdk", "sdk", "{6489D2FB-597F-4C6D-974A-C0F80A3A5C22}"
EndProject
Project("{2150E333-8FDC-42A3-9474-1A3956D46DE8}") = "src", "src", "{0AFA46A3-0ADE-42C2-9DBC-F418E7A89A60}"
EndProject
Project("{FAE04EC0-301F-11D3-BF4B-00C04F79EFBC}") = "kaiheila-dotnet", "sdk\src\core\kaiheila-dotnet.csproj", "{83854AFC-9C80-4E13-B405-B2C74DC3CC96}"
EndProject
Project("{2150E333-8FDC-42A3-9474-1A3956D46DE8}") = "test", "test", "{E5EEB2B3-65FF-409D-BDE9-7B9DC9592148}"
EndProject
Project("{FAE04EC0-301F-11D3-BF4B-00C04F79EFBC}") = "kaiheila-dotnet-test", "sdk\test\core\kaiheila-dotnet-test.csproj", "{4FD5396A-F6F0-4B91-AA6C-3DBB5EC6CB24}"
EndProject
Project("{FAE04EC0-301F-11D3-BF4B-00C04F79EFBC}") = "kaiheila-dotnet-client-v2", "sdk\src\client-v2\kaiheila-dotnet-client-v2.csproj", "{B4DE0B83-2E5A-4249-B1E7-7AD25E06CB7E}"
EndProject
Global
	GlobalSection(SolutionConfigurationPlatforms) = preSolution
		Debug|Any CPU = Debug|Any CPU
		Debug|x64 = Debug|x64
		Debug|x86 = Debug|x86
		Release|Any CPU = Release|Any CPU
		Release|x64 = Release|x64
		Release|x86 = Release|x86
	EndGlobalSection
	GlobalSection(SolutionProperties) = preSolution
		HideSolutionNode = FALSE
	EndGlobalSection
	GlobalSection(ProjectConfigurationPlatforms) = postSolution
		{8D14A36F-4568-4353-8D84-B10B42980B69}.Debug|Any CPU.ActiveCfg = Debug|Any CPU
		{8D14A36F-4568-4353-8D84-B10B42980B69}.Debug|Any CPU.Build.0 = Debug|Any CPU
		{8D14A36F-4568-4353-8D84-B10B42980B69}.Debug|x64.ActiveCfg = Debug|Any CPU
		{8D14A36F-4568-4353-8D84-B10B42980B69}.Debug|x64.Build.0 = Debug|Any CPU
		{8D14A36F-4568-4353-8D84-B10B42980B69}.Debug|x86.ActiveCfg = Debug|Any CPU
		{8D14A36F-4568-4353-8D84-B10B42980B69}.Debug|x86.Build.0 = Debug|Any CPU
		{8D14A36F-4568-4353-8D84-B10B42980B69}.Release|Any CPU.ActiveCfg = Release|Any CPU
		{8D14A36F-4568-4353-8D84-B10B42980B69}.Release|Any CPU.Build.0 = Release|Any CPU
		{8D14A36F-4568-4353-8D84-B10B42980B69}.Release|x64.ActiveCfg = Release|Any CPU
		{8D14A36F-4568-4353-8D84-B10B42980B69}.Release|x64.Build.0 = Release|Any CPU
		{8D14A36F-4568-4353-8D84-B10B42980B69}.Release|x86.ActiveCfg = Release|Any CPU
		{8D14A36F-4568-4353-8D84-B10B42980B69}.Release|x86.Build.0 = Release|Any CPU
		{F638334B-56AF-4543-9853-CB67777418CD}.Debug|Any CPU.ActiveCfg = Debug|Any CPU
		{F638334B-56AF-4543-9853-CB67777418CD}.Debug|Any CPU.Build.0 = Debug|Any CPU
		{F638334B-56AF-4543-9853-CB67777418CD}.Debug|x64.ActiveCfg = Debug|Any CPU
		{F638334B-56AF-4543-9853-CB67777418CD}.Debug|x64.Build.0 = Debug|Any CPU
		{F638334B-56AF-4543-9853-CB67777418CD}.Debug|x86.ActiveCfg = Debug|Any CPU
		{F638334B-56AF-4543-9853-CB67777418CD}.Debug|x86.Build.0 = Debug|Any CPU
		{F638334B-56AF-4543-9853-CB67777418CD}.Release|Any CPU.ActiveCfg = Release|Any CPU
		{F638334B-56AF-4543-9853-CB67777418CD}.Release|Any CPU.Build.0 = Release|Any CPU
		{F638334B-56AF-4543-9853-CB67777418CD}.Release|x64.ActiveCfg = Release|Any CPU
		{F638334B-56AF-4543-9853-CB67777418CD}.Release|x64.Build.0 = Release|Any CPU
		{F638334B-56AF-4543-9853-CB67777418CD}.Release|x86.ActiveCfg = Release|Any CPU
		{F638334B-56AF-4543-9853-CB67777418CD}.Release|x86.Build.0 = Release|Any CPU
		{83854AFC-9C80-4E13-B405-B2C74DC3CC96}.Debug|Any CPU.ActiveCfg = Debug|Any CPU
		{83854AFC-9C80-4E13-B405-B2C74DC3CC96}.Debug|Any CPU.Build.0 = Debug|Any CPU
		{83854AFC-9C80-4E13-B405-B2C74DC3CC96}.Debug|x64.ActiveCfg = Debug|Any CPU
		{83854AFC-9C80-4E13-B405-B2C74DC3CC96}.Debug|x64.Build.0 = Debug|Any CPU
		{83854AFC-9C80-4E13-B405-B2C74DC3CC96}.Debug|x86.ActiveCfg = Debug|Any CPU
		{83854AFC-9C80-4E13-B405-B2C74DC3CC96}.Debug|x86.Build.0 = Debug|Any CPU
		{83854AFC-9C80-4E13-B405-B2C74DC3CC96}.Release|Any CPU.ActiveCfg = Release|Any CPU
		{83854AFC-9C80-4E13-B405-B2C74DC3CC96}.Release|Any CPU.Build.0 = Release|Any CPU
		{83854AFC-9C80-4E13-B405-B2C74DC3CC96}.Release|x64.ActiveCfg = Release|Any CPU
		{83854AFC-9C80-4E13-B405-B2C74DC3CC96}.Release|x64.Build.0 = Release|Any CPU
		{83854AFC-9C80-4E13-B405-B2C74DC3CC96}.Release|x86.ActiveCfg = Release|Any CPU
		{83854AFC-9C80-4E13-B405-B2C74DC3CC96}.Release|x86.Build.0 = Release|Any CPU
		{4FD5396A-F6F0-4B91-AA6C-3DBB5EC6CB24}.Debug|Any CPU.ActiveCfg = Debug|Any CPU
		{4FD5396A-F6F0-4B91-AA6C-3DBB5EC6CB24}.Debug|Any CPU.Build.0 = Debug|Any CPU
		{4FD5396A-F6F0-4B91-AA6C-3DBB5EC6CB24}.Debug|x64.ActiveCfg = Debug|Any CPU
		{4FD5396A-F6F0-4B91-AA6C-3DBB5EC6CB24}.Debug|x64.Build.0 = Debug|Any CPU
		{4FD5396A-F6F0-4B91-AA6C-3DBB5EC6CB24}.Debug|x86.ActiveCfg = Debug|Any CPU
		{4FD5396A-F6F0-4B91-AA6C-3DBB5EC6CB24}.Debug|x86.Build.0 = Debug|Any CPU
		{4FD5396A-F6F0-4B91-AA6C-3DBB5EC6CB24}.Release|Any CPU.ActiveCfg = Release|Any CPU
		{4FD5396A-F6F0-4B91-AA6C-3DBB5EC6CB24}.Release|Any CPU.Build.0 = Release|Any CPU
		{4FD5396A-F6F0-4B91-AA6C-3DBB5EC6CB24}.Release|x64.ActiveCfg = Release|Any CPU
		{4FD5396A-F6F0-4B91-AA6C-3DBB5EC6CB24}.Release|x64.Build.0 = Release|Any CPU
		{4FD5396A-F6F0-4B91-AA6C-3DBB5EC6CB24}.Release|x86.ActiveCfg = Release|Any CPU
		{4FD5396A-F6F0-4B91-AA6C-3DBB5EC6CB24}.Release|x86.Build.0 = Release|Any CPU
		{B4DE0B83-2E5A-4249-B1E7-7AD25E06CB7E}.Debug|Any CPU.ActiveCfg = Debug|Any CPU
		{B4DE0B83-2E5A-4249-B1E7-7AD25E06CB7E}.Debug|Any CPU.Build.0 = Debug|Any CPU
		{B4DE0B83-2E5A-4249-B1E7-7AD25E06CB7E}.Debug|x64.ActiveCfg = Debug|Any CPU
		{B4DE0B83-2E5A-4249-B1E7-7AD25E06CB7E}.Debug|x64.Build.0 = Debug|Any CPU
		{B4DE0B83-2E5A-4249-B1E7-7AD25E06CB7E}.Debug|x86.ActiveCfg = Debug|Any CPU
		{B4DE0B83-2E5A-4249-B1E7-7AD25E06CB7E}.Debug|x86.Build.0 = Debug|Any CPU
		{B4DE0B83-2E5A-4249-B1E7-7AD25E06CB7E}.Release|Any CPU.ActiveCfg = Release|Any CPU
		{B4DE0B83-2E5A-4249-B1E7-7AD25E06CB7E}.Release|Any CPU.Build.0 = Release|Any CPU
		{B4DE0B83-2E5A-4249-B1E7-7AD25E06CB7E}.Release|x64.ActiveCfg = Release|Any CPU
		{B4DE0B83-2E5A-4249-B1E7-7AD25E06CB7E}.Release|x64.Build.0 = Release|Any CPU
		{B4DE0B83-2E5A-4249-B1E7-7AD25E06CB7E}.Release|x86.ActiveCfg = Release|Any CPU
		{B4DE0B83-2E5A-4249-B1E7-7AD25E06CB7E}.Release|x86.Build.0 = Release|Any CPU
	EndGlobalSection
	GlobalSection(NestedProjects) = preSolution
		{0AFA46A3-0ADE-42C2-9DBC-F418E7A89A60} = {6489D2FB-597F-4C6D-974A-C0F80A3A5C22}
		{83854AFC-9C80-4E13-B405-B2C74DC3CC96} = {0AFA46A3-0ADE-42C2-9DBC-F418E7A89A60}
		{E5EEB2B3-65FF-409D-BDE9-7B9DC9592148} = {6489D2FB-597F-4C6D-974A-C0F80A3A5C22}
		{4FD5396A-F6F0-4B91-AA6C-3DBB5EC6CB24} = {E5EEB2B3-65FF-409D-BDE9-7B9DC9592148}
		{B4DE0B83-2E5A-4249-B1E7-7AD25E06CB7E} = {0AFA46A3-0ADE-42C2-9DBC-F418E7A89A60}
	EndGlobalSection
EndGlobal
